Microsoft Visual Studio Solution File, Format Version 10.00
# Visual Studio 2008
Project("{8BC9CEB8-8B4A-11D0-8D11-00A0C91BC942}") = "encode", "source\encode\encode.vcproj", "{23EB2054-467B-41AF-83CB-A24D9810F3E5}"
EndProject
Project("{8BC9CEB8-8B4A-11D0-8D11-00A0C91BC942}") = "decode", "source\decode\decode.vcproj", "{622CF0AB-DB79-4C2E-AE10-6B88639C4EDB}"
EndProject
Project("{8BC9CEB8-8B4A-11D0-8D11-00A0C91BC942}") = "calibrate", "source\calibrate\calibrate.vcproj", "{C43A3D8F-0378-437B-882E-827C27BC3BA0}"
	ProjectSection(ProjectDependencies) = postProject
		{F329E490-DB04-453A-A0BF-FEB90BD949D8} = {F329E490-DB04-453A-A0BF-FEB90BD949D8}
	EndProjectSection
EndProject
Project("{8BC9CEB8-8B4A-11D0-8D11-00A0C91BC942}") = "levmar", "levmar\levmar.vcproj", "{F329E490-DB04-453A-A0BF-FEB90BD949D8}"
EndProject
Project("{8BC9CEB8-8B4A-11D0-8D11-00A0C91BC942}") = "triangulate", "source\triangulate\triangulate.vcproj", "{B9BB2F11-77E4-4AFD-A801-49E2C0F601D9}"
EndProject
Global
	GlobalSection(SolutionConfigurationPlatforms) = preSolution
		Debug|Win32 = Debug|Win32
		Release|Win32 = Release|Win32
	EndGlobalSection
	GlobalSection(ProjectConfigurationPlatforms) = postSolution
		{23EB2054-467B-41AF-83CB-A24D9810F3E5}.Debug|Win32.ActiveCfg = Debug|Win32
		{23EB2054-467B-41AF-83CB-A24D9810F3E5}.Debug|Win32.Build.0 = Debug|Win32
		{23EB2054-467B-41AF-83CB-A24D9810F3E5}.Release|Win32.ActiveCfg = Release|Win32
		{23EB2054-467B-41AF-83CB-A24D9810F3E5}.Release|Win32.Build.0 = Release|Win32
		{622CF0AB-DB79-4C2E-AE10-6B88639C4EDB}.Debug|Win32.ActiveCfg = Debug|Win32
		{622CF0AB-DB79-4C2E-AE10-6B88639C4EDB}.Debug|Win32.Build.0 = Debug|Win32
		{622CF0AB-DB79-4C2E-AE10-6B88639C4EDB}.Release|Win32.ActiveCfg = Release|Win32
		{622CF0AB-DB79-4C2E-AE10-6B88639C4EDB}.Release|Win32.Build.0 = Release|Win32
		{C43A3D8F-0378-437B-882E-827C27BC3BA0}.Debug|Win32.ActiveCfg = Debug|Win32
		{C43A3D8F-0378-437B-882E-827C27BC3BA0}.Debug|Win32.Build.0 = Debug|Win32
		{C43A3D8F-0378-437B-882E-827C27BC3BA0}.Release|Win32.ActiveCfg = Release|Win32
		{C43A3D8F-0378-437B-882E-827C27BC3BA0}.Release|Win32.Build.0 = Release|Win32
		{F329E490-DB04-453A-A0BF-FEB90BD949D8}.Debug|Win32.ActiveCfg = Debug|Win32
		{F329E490-DB04-453A-A0BF-FEB90BD949D8}.Debug|Win32.Build.0 = Debug|Win32
		{F329E490-DB04-453A-A0BF-FEB90BD949D8}.Release|Win32.ActiveCfg = Release|Win32
		{F329E490-DB04-453A-A0BF-FEB90BD949D8}.Release|Win32.Build.0 = Release|Win32
		{B9BB2F11-77E4-4AFD-A801-49E2C0F601D9}.Debug|Win32.ActiveCfg = Debug|Win32
		{B9BB2F11-77E4-4AFD-A801-49E2C0F601D9}.Debug|Win32.Build.0 = Debug|Win32
		{B9BB2F11-77E4-4AFD-A801-49E2C0F601D9}.Release|Win32.ActiveCfg = Release|Win32
		{B9BB2F11-77E4-4AFD-A801-49E2C0F601D9}.Release|Win32.Build.0 = Release|Win32
	EndGlobalSection
	GlobalSection(SolutionProperties) = preSolution
		HideSolutionNode = FALSE
	EndGlobalSection
EndGlobal
